
Microsoft Visual Studio Solution File, Format Version 12.00
# Visual Studio Version 17
VisualStudioVersion = 17.11.35222.181
MinimumVisualStudioVersion = 10.0.40219.1
Project("{FAE04EC0-301F-11D3-BF4B-00C04F79EFBC}") = "CRUD", "CRUD\CRUD.csproj", "{180EE655-AE6A-49EA-95C5-048D772AB292}"
EndProject
Global
	GlobalSection(SolutionConfigurationPlatforms) = preSolution
		Debug|Any CPU = Debug|Any CPU
		Release|Any CPU = Release|Any CPU
	EndGlobalSection
	GlobalSection(ProjectConfigurationPlatforms) = postSolution
		{180EE655-AE6A-49EA-95C5-048D772AB292}.Debug|Any CPU.ActiveCfg = Debug|Any CPU
		{180EE655-AE6A-49EA-95C5-048D772AB292}.Debug|Any CPU.Build.0 = Debug|Any CPU
		{180EE655-AE6A-49EA-95C5-048D772AB292}.Release|Any CPU.ActiveCfg = Release|Any CPU
		{180EE655-AE6A-49EA-95C5-048D772AB292}.Release|Any CPU.Build.0 = Release|Any CPU
	EndGlobalSection
	GlobalSection(SolutionProperties) = preSolution
		HideSolutionNode = FALSE
	EndGlobalSection
	GlobalSection(ExtensibilityGlobals) = postSolution
		SolutionGuid = {BB845F6B-D762-4329-9676-8F7A8D48495E}
	EndGlobalSection
EndGlobal
